
Microsoft Visual Studio Solution File, Format Version 12.00
# Visual Studio Version 17
VisualStudioVersion = 17.11.35327.3
MinimumVisualStudioVersion = 10.0.40219.1
Project("{FAE04EC0-301F-11D3-BF4B-00C04F79EFBC}") = "ConsoleApp1", "ConsoleApp1\ConsoleApp1.csproj", "{ECB9D0FF-E6BE-49DB-9EA4-0B790CFB34A4}"
EndProject
Global
	GlobalSection(SolutionConfigurationPlatforms) = preSolution
		Debug|Any CPU = Debug|Any CPU
		Release|Any CPU = Release|Any CPU
	EndGlobalSection
	GlobalSection(ProjectConfigurationPlatforms) = postSolution
		{ECB9D0FF-E6BE-49DB-9EA4-0B790CFB34A4}.Debug|Any CPU.ActiveCfg = Debug|Any CPU
		{ECB9D0FF-E6BE-49DB-9EA4-0B790CFB34A4}.Debug|Any CPU.Build.0 = Debug|Any CPU
		{ECB9D0FF-E6BE-49DB-9EA4-0B790CFB34A4}.Release|Any CPU.ActiveCfg = Release|Any CPU
		{ECB9D0FF-E6BE-49DB-9EA4-0B790CFB34A4}.Release|Any CPU.Build.0 = Release|Any CPU
	EndGlobalSection
	GlobalSection(SolutionProperties) = preSolution
		HideSolutionNode = FALSE
	EndGlobalSection
	GlobalSection(ExtensibilityGlobals) = postSolution
		SolutionGuid = {14CED0E6-D4DE-4031-AB7B-9CFF912FCCB8}
	EndGlobalSection
EndGlobal
